
Microsoft Visual Studio Solution File, Format Version 11.00
# Visual Studio 2010
Project("{FAE04EC0-301F-11D3-BF4B-00C04F79EFBC}") = "Дз№4", "Assembly-CSharp-firstpass.csproj", "{8EE586DF-DE54-EB07-E58A-8DE76B601CB5}"
EndProject
Project("{FAE04EC0-301F-11D3-BF4B-00C04F79EFBC}") = "Дз№4", "Assembly-CSharp.csproj", "{760B99EE-484B-D3AE-344D-BC8816DF0B6C}"
EndProject
Project("{FAE04EC0-301F-11D3-BF4B-00C04F79EFBC}") = "Дз№4", "Assembly-CSharp-Editor-firstpass.csproj", "{7F4BB81C-6CB2-976A-2390-6E0CB802E5A8}"
EndProject
Global
	GlobalSection(SolutionConfigurationPlatforms) = preSolution
		Debug|Any CPU = Debug|Any CPU
		Release|Any CPU = Release|Any CPU
	EndGlobalSection
	GlobalSection(ProjectConfigurationPlatforms) = postSolution
		{8EE586DF-DE54-EB07-E58A-8DE76B601CB5}.Debug|Any CPU.ActiveCfg = Debug|Any CPU
		{8EE586DF-DE54-EB07-E58A-8DE76B601CB5}.Debug|Any CPU.Build.0 = Debug|Any CPU
		{8EE586DF-DE54-EB07-E58A-8DE76B601CB5}.Release|Any CPU.ActiveCfg = Release|Any CPU
		{8EE586DF-DE54-EB07-E58A-8DE76B601CB5}.Release|Any CPU.Build.0 = Release|Any CPU
		{760B99EE-484B-D3AE-344D-BC8816DF0B6C}.Debug|Any CPU.ActiveCfg = Debug|Any CPU
		{760B99EE-484B-D3AE-344D-BC8816DF0B6C}.Debug|Any CPU.Build.0 = Debug|Any CPU
		{760B99EE-484B-D3AE-344D-BC8816DF0B6C}.Release|Any CPU.ActiveCfg = Release|Any CPU
		{760B99EE-484B-D3AE-344D-BC8816DF0B6C}.Release|Any CPU.Build.0 = Release|Any CPU
		{7F4BB81C-6CB2-976A-2390-6E0CB802E5A8}.Debug|Any CPU.ActiveCfg = Debug|Any CPU
		{7F4BB81C-6CB2-976A-2390-6E0CB802E5A8}.Debug|Any CPU.Build.0 = Debug|Any CPU
		{7F4BB81C-6CB2-976A-2390-6E0CB802E5A8}.Release|Any CPU.ActiveCfg = Release|Any CPU
		{7F4BB81C-6CB2-976A-2390-6E0CB802E5A8}.Release|Any CPU.Build.0 = Release|Any CPU
	EndGlobalSection
	GlobalSection(SolutionProperties) = preSolution
		HideSolutionNode = FALSE
	EndGlobalSection
	GlobalSection(MonoDevelopProperties) = preSolution
		StartupItem = Assembly-CSharp.csproj
	EndGlobalSection
EndGlobal
